
Microsoft Visual Studio Solution File, Format Version 12.00
# Visual Studio Version 16
VisualStudioVersion = 16.0.29920.165
MinimumVisualStudioVersion = 10.0.40219.1
Project("{FAE04EC0-301F-11D3-BF4B-00C04F79EFBC}") = "ValheimFPV", "ValheimFPV\ValheimFPV.csproj", "{7F33451D-7460-4606-881E-8517BB1E7F56}"
EndProject
Global
	GlobalSection(SolutionConfigurationPlatforms) = preSolution
		Debug|Any CPU = Debug|Any CPU
		Release|Any CPU = Release|Any CPU
	EndGlobalSection
	GlobalSection(ProjectConfigurationPlatforms) = postSolution
		{7F33451D-7460-4606-881E-8517BB1E7F56}.Debug|Any CPU.ActiveCfg = Debug|Any CPU
		{7F33451D-7460-4606-881E-8517BB1E7F56}.Debug|Any CPU.Build.0 = Debug|Any CPU
		{7F33451D-7460-4606-881E-8517BB1E7F56}.Release|Any CPU.ActiveCfg = Release|Any CPU
		{7F33451D-7460-4606-881E-8517BB1E7F56}.Release|Any CPU.Build.0 = Release|Any CPU
	EndGlobalSection
	GlobalSection(SolutionProperties) = preSolution
		HideSolutionNode = FALSE
	EndGlobalSection
	GlobalSection(ExtensibilityGlobals) = postSolution
		SolutionGuid = {69EEAC8B-6A22-4B6B-94C9-A9F9CCFC3073}
	EndGlobalSection
EndGlobal
